// !$*UTF8*$!
{
	archiveVersion = 1;
	classes = {
	};
	objectVersion = 52;
	objects = {

/* Begin PBXAggregateTarget section */
		"HighestNumberPairing::HighestNumberPairingPackageTests::ProductTarget" /* HighestNumberPairingPackageTests */ = {
			isa = PBXAggregateTarget;
			buildConfigurationList = OBJ_43 /* Build configuration list for PBXAggregateTarget "HighestNumberPairingPackageTests" */;
			buildPhases = (
			);
			dependencies = (
				OBJ_46 /* PBXTargetDependency */,
			);
			name = HighestNumberPairingPackageTests;
			productName = HighestNumberPairingPackageTests;
		};
/* End PBXAggregateTarget section */

/* Begin PBXBuildFile section */
		A42CC98E240F634000400D21 /* ArgumentParser in Frameworks */ = {isa = PBXBuildFile; productRef = A42CC98D240F634000400D21 /* ArgumentParser */; };
		A42CC990240F669800400D21 /* constants.swift in Sources */ = {isa = PBXBuildFile; fileRef = A42CC98F240F669800400D21 /* constants.swift */; };
		A42CC993240F74B400400D21 /* roundToString.swift in Sources */ = {isa = PBXBuildFile; fileRef = A42CC992240F74B400400D21 /* roundToString.swift */; };
		OBJ_31 /* main.swift in Sources */ = {isa = PBXBuildFile; fileRef = OBJ_9 /* main.swift */; };
		OBJ_33 /* NumberPairing.framework in Frameworks */ = {isa = PBXBuildFile; fileRef = "HighestNumberPairing::NumberPairing::Product" /* NumberPairing.framework */; };
		OBJ_41 /* Package.swift in Sources */ = {isa = PBXBuildFile; fileRef = OBJ_6 /* Package.swift */; };
		OBJ_52 /* NumberPairing.swift in Sources */ = {isa = PBXBuildFile; fileRef = OBJ_12 /* NumberPairing.swift */; };
		OBJ_53 /* NumberPairingProblem.swift in Sources */ = {isa = PBXBuildFile; fileRef = OBJ_13 /* NumberPairingProblem.swift */; };
		OBJ_61 /* NumberPairingProblemTests.swift in Sources */ = {isa = PBXBuildFile; fileRef = OBJ_19 /* NumberPairingProblemTests.swift */; };
		OBJ_62 /* NumberPairingTests.swift in Sources */ = {isa = PBXBuildFile; fileRef = OBJ_20 /* NumberPairingTests.swift */; };
		OBJ_63 /* XCTestManifests.swift in Sources */ = {isa = PBXBuildFile; fileRef = OBJ_21 /* XCTestManifests.swift */; };
		OBJ_65 /* NumberPairing.framework in Frameworks */ = {isa = PBXBuildFile; fileRef = "HighestNumberPairing::NumberPairing::Product" /* NumberPairing.framework */; };
/* End PBXBuildFile section */

/* Begin PBXContainerItemProxy section */
		A431F6AD2205667F0052C848 /* PBXContainerItemProxy */ = {
			isa = PBXContainerItemProxy;
			containerPortal = OBJ_1 /* Project object */;
			proxyType = 1;
			remoteGlobalIDString = "HighestNumberPairing::NumberPairing";
			remoteInfo = NumberPairing;
		};
		A431F6AE2205667F0052C848 /* PBXContainerItemProxy */ = {
			isa = PBXContainerItemProxy;
			containerPortal = OBJ_1 /* Project object */;
			proxyType = 1;
			remoteGlobalIDString = "HighestNumberPairing::NumberPairing";
			remoteInfo = NumberPairing;
		};
		A431F6AF220566820052C848 /* PBXContainerItemProxy */ = {
			isa = PBXContainerItemProxy;
			containerPortal = OBJ_1 /* Project object */;
			proxyType = 1;
			remoteGlobalIDString = "HighestNumberPairing::NumberPairingTests";
			remoteInfo = NumberPairingTests;
		};
/* End PBXContainerItemProxy section */

/* Begin PBXFileReference section */
		A42CC98F240F669800400D21 /* constants.swift */ = {isa = PBXFileReference; lastKnownFileType = sourcecode.swift; path = constants.swift; sourceTree = "<group>"; };
		A42CC992240F74B400400D21 /* roundToString.swift */ = {isa = PBXFileReference; lastKnownFileType = sourcecode.swift; path = roundToString.swift; sourceTree = "<group>"; };
		A431F6B0220566AD0052C848 /* README.md */ = {isa = PBXFileReference; fileEncoding = 4; lastKnownFileType = net.daringfireball.markdown; path = README.md; sourceTree = "<group>"; };
		A431F6B1220566AD0052C848 /* Info.plist */ = {isa = PBXFileReference; fileEncoding = 4; lastKnownFileType = text.plist.xml; path = Info.plist; sourceTree = "<group>"; };
		"HighestNumberPairing::HighestNumberPairing::Product" /* HighestNumberPairing */ = {isa = PBXFileReference; explicitFileType = "compiled.mach-o.executable"; path = HighestNumberPairing; sourceTree = BUILT_PRODUCTS_DIR; };
		"HighestNumberPairing::NumberPairing::Product" /* NumberPairing.framework */ = {isa = PBXFileReference; explicitFileType = wrapper.framework; path = NumberPairing.framework; sourceTree = BUILT_PRODUCTS_DIR; };
		"HighestNumberPairing::NumberPairingTests::Product" /* NumberPairingTests.xctest */ = {isa = PBXFileReference; explicitFileType = wrapper.cfbundle; path = NumberPairingTests.xctest; sourceTree = BUILT_PRODUCTS_DIR; };
		OBJ_12 /* NumberPairing.swift */ = {isa = PBXFileReference; lastKnownFileType = sourcecode.swift; path = NumberPairing.swift; sourceTree = "<group>"; };
		OBJ_13 /* NumberPairingProblem.swift */ = {isa = PBXFileReference; lastKnownFileType = sourcecode.swift; path = NumberPairingProblem.swift; sourceTree = "<group>"; };
		OBJ_19 /* NumberPairingProblemTests.swift */ = {isa = PBXFileReference; lastKnownFileType = sourcecode.swift; path = NumberPairingProblemTests.swift; sourceTree = "<group>"; };
		OBJ_20 /* NumberPairingTests.swift */ = {isa = PBXFileReference; lastKnownFileType = sourcecode.swift; path = NumberPairingTests.swift; sourceTree = "<group>"; };
		OBJ_21 /* XCTestManifests.swift */ = {isa = PBXFileReference; lastKnownFileType = sourcecode.swift; path = XCTestManifests.swift; sourceTree = "<group>"; };
		OBJ_6 /* Package.swift */ = {isa = PBXFileReference; explicitFileType = sourcecode.swift; path = Package.swift; sourceTree = "<group>"; };
		OBJ_9 /* main.swift */ = {isa = PBXFileReference; lastKnownFileType = sourcecode.swift; path = main.swift; sourceTree = "<group>"; };
/* End PBXFileReference section */

/* Begin PBXFrameworksBuildPhase section */
		OBJ_32 /* Frameworks */ = {
			isa = PBXFrameworksBuildPhase;
			buildActionMask = 0;
			files = (
				A42CC98E240F634000400D21 /* ArgumentParser in Frameworks */,
				OBJ_33 /* NumberPairing.framework in Frameworks */,
			);
			runOnlyForDeploymentPostprocessing = 0;
		};
		OBJ_56 /* Frameworks */ = {
			isa = PBXFrameworksBuildPhase;
			buildActionMask = 0;
			files = (
			);
			runOnlyForDeploymentPostprocessing = 0;
		};
		OBJ_64 /* Frameworks */ = {
			isa = PBXFrameworksBuildPhase;
			buildActionMask = 0;
			files = (
				OBJ_65 /* NumberPairing.framework in Frameworks */,
			);
			runOnlyForDeploymentPostprocessing = 0;
		};
/* End PBXFrameworksBuildPhase section */

/* Begin PBXGroup section */
		A42CC991240F74A200400D21 /* Utilities */ = {
			isa = PBXGroup;
			children = (
				A42CC992240F74B400400D21 /* roundToString.swift */,
			);
			path = Utilities;
			sourceTree = "<group>";
		};
		OBJ_10 /* NumberPairing */ = {
			isa = PBXGroup;
			children = (
				OBJ_11 /* Defintions */,
			);
			name = NumberPairing;
			path = Sources/NumberPairing;
			sourceTree = SOURCE_ROOT;
		};
		OBJ_11 /* Defintions */ = {
			isa = PBXGroup;
			children = (
				OBJ_12 /* NumberPairing.swift */,
				OBJ_13 /* NumberPairingProblem.swift */,
			);
			path = Defintions;
			sourceTree = "<group>";
		};
		OBJ_17 /* Tests */ = {
			isa = PBXGroup;
			children = (
				OBJ_18 /* NumberPairingTests */,
			);
			name = Tests;
			sourceTree = SOURCE_ROOT;
		};
		OBJ_18 /* NumberPairingTests */ = {
			isa = PBXGroup;
			children = (
				OBJ_19 /* NumberPairingProblemTests.swift */,
				OBJ_20 /* NumberPairingTests.swift */,
				OBJ_21 /* XCTestManifests.swift */,
			);
			name = NumberPairingTests;
			path = Tests/NumberPairingTests;
			sourceTree = SOURCE_ROOT;
		};
		OBJ_22 /* Products */ = {
			isa = PBXGroup;
			children = (
				"HighestNumberPairing::NumberPairingTests::Product" /* NumberPairingTests.xctest */,
				"HighestNumberPairing::HighestNumberPairing::Product" /* HighestNumberPairing */,
				"HighestNumberPairing::NumberPairing::Product" /* NumberPairing.framework */,
			);
			name = Products;
			sourceTree = BUILT_PRODUCTS_DIR;
		};
		OBJ_5 = {
			isa = PBXGroup;
			children = (
				A431F6B1220566AD0052C848 /* Info.plist */,
				A431F6B0220566AD0052C848 /* README.md */,
				OBJ_6 /* Package.swift */,
				OBJ_7 /* Sources */,
				OBJ_17 /* Tests */,
				OBJ_22 /* Products */,
			);
			sourceTree = "<group>";
		};
		OBJ_7 /* Sources */ = {
			isa = PBXGroup;
			children = (
				OBJ_8 /* HighestNumberPairing */,
				OBJ_10 /* NumberPairing */,
			);
			name = Sources;
			sourceTree = SOURCE_ROOT;
		};
		OBJ_8 /* HighestNumberPairing */ = {
			isa = PBXGroup;
			children = (
				A42CC991240F74A200400D21 /* Utilities */,
				OBJ_9 /* main.swift */,
				A42CC98F240F669800400D21 /* constants.swift */,
			);
			name = HighestNumberPairing;
			path = Sources/HighestNumberPairing;
			sourceTree = SOURCE_ROOT;
		};
/* End PBXGroup section */

/* Begin PBXNativeTarget section */
		"HighestNumberPairing::HighestNumberPairing" /* HighestNumberPairing */ = {
			isa = PBXNativeTarget;
			buildConfigurationList = OBJ_27 /* Build configuration list for PBXNativeTarget "HighestNumberPairing" */;
			buildPhases = (
				OBJ_30 /* Sources */,
				OBJ_32 /* Frameworks */,
			);
			buildRules = (
			);
			dependencies = (
				OBJ_34 /* PBXTargetDependency */,
			);
			name = HighestNumberPairing;
			packageProductDependencies = (
				A42CC98D240F634000400D21 /* ArgumentParser */,
			);
			productName = HighestNumberPairing;
			productReference = "HighestNumberPairing::HighestNumberPairing::Product" /* HighestNumberPairing */;
			productType = "com.apple.product-type.tool";
		};
		"HighestNumberPairing::NumberPairing" /* NumberPairing */ = {
			isa = PBXNativeTarget;
			buildConfigurationList = OBJ_48 /* Build configuration list for PBXNativeTarget "NumberPairing" */;
			buildPhases = (
				OBJ_51 /* Sources */,
				OBJ_56 /* Frameworks */,
			);
			buildRules = (
			);
			dependencies = (
			);
			name = NumberPairing;
			productName = NumberPairing;
			productReference = "HighestNumberPairing::NumberPairing::Product" /* NumberPairing.framework */;
			productType = "com.apple.product-type.framework";
		};
		"HighestNumberPairing::NumberPairingTests" /* NumberPairingTests */ = {
			isa = PBXNativeTarget;
			buildConfigurationList = OBJ_57 /* Build configuration list for PBXNativeTarget "NumberPairingTests" */;
			buildPhases = (
				OBJ_60 /* Sources */,
				OBJ_64 /* Frameworks */,
			);
			buildRules = (
			);
			dependencies = (
				OBJ_66 /* PBXTargetDependency */,
			);
			name = NumberPairingTests;
			productName = NumberPairingTests;
			productReference = "HighestNumberPairing::NumberPairingTests::Product" /* NumberPairingTests.xctest */;
			productType = "com.apple.product-type.bundle.unit-test";
		};
		"HighestNumberPairing::SwiftPMPackageDescription" /* HighestNumberPairingPackageDescription */ = {
			isa = PBXNativeTarget;
			buildConfigurationList = OBJ_37 /* Build configuration list for PBXNativeTarget "HighestNumberPairingPackageDescription" */;
			buildPhases = (
				OBJ_40 /* Sources */,
			);
			buildRules = (
			);
			dependencies = (
			);
			name = HighestNumberPairingPackageDescription;
			productName = HighestNumberPairingPackageDescription;
			productType = "com.apple.product-type.framework";
		};
/* End PBXNativeTarget section */

/* Begin PBXProject section */
		OBJ_1 /* Project object */ = {
			isa = PBXProject;
			attributes = {
				LastUpgradeCheck = 9999;
				TargetAttributes = {
					"HighestNumberPairing::HighestNumberPairing" = {
						LastSwiftMigration = 1130;
					};
					"HighestNumberPairing::NumberPairing" = {
						LastSwiftMigration = 1130;
					};
					"HighestNumberPairing::NumberPairingTests" = {
						LastSwiftMigration = 1130;
					};
				};
			};
			buildConfigurationList = OBJ_2 /* Build configuration list for PBXProject "HighestNumberPairing" */;
			compatibilityVersion = "Xcode 3.2";
			developmentRegion = English;
			hasScannedForEncodings = 0;
			knownRegions = (
				English,
				en,
			);
			mainGroup = OBJ_5;
			packageReferences = (
				A42CC98C240F634000400D21 /* XCRemoteSwiftPackageReference "swift-argument-parser" */,
			);
			productRefGroup = OBJ_22 /* Products */;
			projectDirPath = "";
			projectRoot = "";
			targets = (
				"HighestNumberPairing::HighestNumberPairing" /* HighestNumberPairing */,
				"HighestNumberPairing::SwiftPMPackageDescription" /* HighestNumberPairingPackageDescription */,
				"HighestNumberPairing::HighestNumberPairingPackageTests::ProductTarget" /* HighestNumberPairingPackageTests */,
				"HighestNumberPairing::NumberPairing" /* NumberPairing */,
				"HighestNumberPairing::NumberPairingTests" /* NumberPairingTests */,
			);
		};
/* End PBXProject section */

/* Begin PBXSourcesBuildPhase section */
		OBJ_30 /* Sources */ = {
			isa = PBXSourcesBuildPhase;
			buildActionMask = 0;
			files = (
				OBJ_31 /* main.swift in Sources */,
				A42CC993240F74B400400D21 /* roundToString.swift in Sources */,
				A42CC990240F669800400D21 /* constants.swift in Sources */,
			);
			runOnlyForDeploymentPostprocessing = 0;
		};
		OBJ_40 /* Sources */ = {
			isa = PBXSourcesBuildPhase;
			buildActionMask = 0;
			files = (
				OBJ_41 /* Package.swift in Sources */,
			);
			runOnlyForDeploymentPostprocessing = 0;
		};
		OBJ_51 /* Sources */ = {
			isa = PBXSourcesBuildPhase;
			buildActionMask = 0;
			files = (
				OBJ_52 /* NumberPairing.swift in Sources */,
				OBJ_53 /* NumberPairingProblem.swift in Sources */,
			);
			runOnlyForDeploymentPostprocessing = 0;
		};
		OBJ_60 /* Sources */ = {
			isa = PBXSourcesBuildPhase;
			buildActionMask = 0;
			files = (
				OBJ_61 /* NumberPairingProblemTests.swift in Sources */,
				OBJ_62 /* NumberPairingTests.swift in Sources */,
				OBJ_63 /* XCTestManifests.swift in Sources */,
			);
			runOnlyForDeploymentPostprocessing = 0;
		};
/* End PBXSourcesBuildPhase section */

/* Begin PBXTargetDependency section */
		OBJ_34 /* PBXTargetDependency */ = {
			isa = PBXTargetDependency;
			target = "HighestNumberPairing::NumberPairing" /* NumberPairing */;
			targetProxy = A431F6AD2205667F0052C848 /* PBXContainerItemProxy */;
		};
		OBJ_46 /* PBXTargetDependency */ = {
			isa = PBXTargetDependency;
			target = "HighestNumberPairing::NumberPairingTests" /* NumberPairingTests */;
			targetProxy = A431F6AF220566820052C848 /* PBXContainerItemProxy */;
		};
		OBJ_66 /* PBXTargetDependency */ = {
			isa = PBXTargetDependency;
			target = "HighestNumberPairing::NumberPairing" /* NumberPairing */;
			targetProxy = A431F6AE2205667F0052C848 /* PBXContainerItemProxy */;
		};
/* End PBXTargetDependency section */

/* Begin XCBuildConfiguration section */
		OBJ_28 /* Debug */ = {
			isa = XCBuildConfiguration;
			buildSettings = {
				FRAMEWORK_SEARCH_PATHS = (
					"$(inherited)",
					"$(PLATFORM_DIR)/Developer/Library/Frameworks",
				);
				HEADER_SEARCH_PATHS = "$(inherited)";
				INFOPLIST_FILE = "$(SRCROOT)/Info.plist";
				LD_RUNPATH_SEARCH_PATHS = (
					"$(inherited)",
					"$(TOOLCHAIN_DIR)/usr/lib/swift/macosx",
					"@executable_path",
				);
				OTHER_CFLAGS = "$(inherited)";
				OTHER_LDFLAGS = "$(inherited)";
				OTHER_SWIFT_FLAGS = "$(inherited)";
				PRODUCT_BUNDLE_IDENTIFIER = HighestNumberPairing;
				SWIFT_ACTIVE_COMPILATION_CONDITIONS = "$(inherited)";
				SWIFT_FORCE_DYNAMIC_LINK_STDLIB = YES;
				SWIFT_FORCE_STATIC_LINK_STDLIB = NO;
				SWIFT_VERSION = 5.0;
				TARGET_NAME = HighestNumberPairing;
			};
			name = Debug;
		};
		OBJ_29 /* Release */ = {
			isa = XCBuildConfiguration;
			buildSettings = {
				FRAMEWORK_SEARCH_PATHS = (
					"$(inherited)",
					"$(PLATFORM_DIR)/Developer/Library/Frameworks",
				);
				HEADER_SEARCH_PATHS = "$(inherited)";
				INFOPLIST_FILE = "$(SRCROOT)/Info.plist";
				LD_RUNPATH_SEARCH_PATHS = (
					"$(inherited)",
					"$(TOOLCHAIN_DIR)/usr/lib/swift/macosx",
					"@executable_path",
				);
				OTHER_CFLAGS = "$(inherited)";
				OTHER_LDFLAGS = "$(inherited)";
				OTHER_SWIFT_FLAGS = "$(inherited)";
				PRODUCT_BUNDLE_IDENTIFIER = HighestNumberPairing;
				SWIFT_ACTIVE_COMPILATION_CONDITIONS = "$(inherited)";
				SWIFT_FORCE_DYNAMIC_LINK_STDLIB = YES;
				SWIFT_FORCE_STATIC_LINK_STDLIB = NO;
				SWIFT_VERSION = 5.0;
				TARGET_NAME = HighestNumberPairing;
			};
			name = Release;
		};
		OBJ_3 /* Debug */ = {
			isa = XCBuildConfiguration;
			buildSettings = {
				CLANG_ENABLE_OBJC_ARC = YES;
				COMBINE_HIDPI_IMAGES = YES;
				COPY_PHASE_STRIP = NO;
				DEBUG_INFORMATION_FORMAT = dwarf;
				DYLIB_INSTALL_NAME_BASE = "@rpath";
				ENABLE_NS_ASSERTIONS = YES;
				GCC_OPTIMIZATION_LEVEL = 0;
				GCC_PREPROCESSOR_DEFINITIONS = (
					"DEBUG=1",
					"$(inherited)",
				);
				MACOSX_DEPLOYMENT_TARGET = 10.10;
				ONLY_ACTIVE_ARCH = YES;
				OTHER_SWIFT_FLAGS = "-DXcode";
				PRODUCT_NAME = "$(TARGET_NAME)";
				SDKROOT = macosx;
				SUPPORTED_PLATFORMS = "macosx iphoneos iphonesimulator appletvos appletvsimulator watchos watchsimulator";
				SWIFT_ACTIVE_COMPILATION_CONDITIONS = "SWIFT_PACKAGE DEBUG";
				SWIFT_OPTIMIZATION_LEVEL = "-Onone";
				USE_HEADERMAP = NO;
			};
			name = Debug;
		};
		OBJ_38 /* Debug */ = {
			isa = XCBuildConfiguration;
			buildSettings = {
				LD = /usr/bin/true;
				OTHER_SWIFT_FLAGS = "-swift-version 4.2 -I $(TOOLCHAIN_DIR)/usr/lib/swift/pm/4_2 -target x86_64-apple-macosx10.10 -sdk /Applications/Xcode.app/Contents/Developer/Platforms/MacOSX.platform/Developer/SDKs/MacOSX10.14.sdk";
				SWIFT_VERSION = 4.2;
			};
			name = Debug;
		};
		OBJ_39 /* Release */ = {
			isa = XCBuildConfiguration;
			buildSettings = {
				LD = /usr/bin/true;
				OTHER_SWIFT_FLAGS = "-swift-version 4.2 -I $(TOOLCHAIN_DIR)/usr/lib/swift/pm/4_2 -target x86_64-apple-macosx10.10 -sdk /Applications/Xcode.app/Contents/Developer/Platforms/MacOSX.platform/Developer/SDKs/MacOSX10.14.sdk";
				SWIFT_VERSION = 4.2;
			};
			name = Release;
		};
		OBJ_4 /* Release */ = {
			isa = XCBuildConfiguration;
			buildSettings = {
				CLANG_ENABLE_OBJC_ARC = YES;
				COMBINE_HIDPI_IMAGES = YES;
				COPY_PHASE_STRIP = YES;
				DEBUG_INFORMATION_FORMAT = "dwarf-with-dsym";
				DYLIB_INSTALL_NAME_BASE = "@rpath";
				GCC_OPTIMIZATION_LEVEL = s;
				MACOSX_DEPLOYMENT_TARGET = 10.10;
				OTHER_SWIFT_FLAGS = "-DXcode";
				PRODUCT_NAME = "$(TARGET_NAME)";
				SDKROOT = macosx;
				SUPPORTED_PLATFORMS = "macosx iphoneos iphonesimulator appletvos appletvsimulator watchos watchsimulator";
				SWIFT_ACTIVE_COMPILATION_CONDITIONS = SWIFT_PACKAGE;
				SWIFT_COMPILATION_MODE = wholemodule;
				SWIFT_OPTIMIZATION_LEVEL = "-O";
				USE_HEADERMAP = NO;
			};
			name = Release;
		};
		OBJ_44 /* Debug */ = {
			isa = XCBuildConfiguration;
			buildSettings = {
			};
			name = Debug;
		};
		OBJ_45 /* Release */ = {
			isa = XCBuildConfiguration;
			buildSettings = {
			};
			name = Release;
		};
		OBJ_49 /* Debug */ = {
			isa = XCBuildConfiguration;
			buildSettings = {
				ENABLE_TESTABILITY = YES;
				FRAMEWORK_SEARCH_PATHS = (
					"$(inherited)",
					"$(PLATFORM_DIR)/Developer/Library/Frameworks",
				);
				HEADER_SEARCH_PATHS = "$(inherited)";
				INFOPLIST_FILE = HighestNumberPairing.xcodeproj/NumberPairing_Info.plist;
				LD_RUNPATH_SEARCH_PATHS = (
					"$(inherited)",
					"$(TOOLCHAIN_DIR)/usr/lib/swift/macosx",
				);
				OTHER_CFLAGS = "$(inherited)";
				OTHER_LDFLAGS = "$(inherited)";
				OTHER_SWIFT_FLAGS = "$(inherited)";
				PRODUCT_BUNDLE_IDENTIFIER = NumberPairing;
				PRODUCT_MODULE_NAME = "$(TARGET_NAME:c99extidentifier)";
				PRODUCT_NAME = "$(TARGET_NAME:c99extidentifier)";
				SKIP_INSTALL = YES;
				SWIFT_ACTIVE_COMPILATION_CONDITIONS = "$(inherited)";
				SWIFT_VERSION = 5.0;
				TARGET_NAME = NumberPairing;
			};
			name = Debug;
		};
		OBJ_50 /* Release */ = {
			isa = XCBuildConfiguration;
			buildSettings = {
				ENABLE_TESTABILITY = YES;
				FRAMEWORK_SEARCH_PATHS = (
					"$(inherited)",
					"$(PLATFORM_DIR)/Developer/Library/Frameworks",
				);
				HEADER_SEARCH_PATHS = "$(inherited)";
				INFOPLIST_FILE = HighestNumberPairing.xcodeproj/NumberPairing_Info.plist;
				LD_RUNPATH_SEARCH_PATHS = (
					"$(inherited)",
					"$(TOOLCHAIN_DIR)/usr/lib/swift/macosx",
				);
				OTHER_CFLAGS = "$(inherited)";
				OTHER_LDFLAGS = "$(inherited)";
				OTHER_SWIFT_FLAGS = "$(inherited)";
				PRODUCT_BUNDLE_IDENTIFIER = NumberPairing;
				PRODUCT_MODULE_NAME = "$(TARGET_NAME:c99extidentifier)";
				PRODUCT_NAME = "$(TARGET_NAME:c99extidentifier)";
				SKIP_INSTALL = YES;
				SWIFT_ACTIVE_COMPILATION_CONDITIONS = "$(inherited)";
				SWIFT_VERSION = 5.0;
				TARGET_NAME = NumberPairing;
			};
			name = Release;
		};
		OBJ_58 /* Debug */ = {
			isa = XCBuildConfiguration;
			buildSettings = {
				CLANG_ENABLE_MODULES = YES;
				EMBEDDED_CONTENT_CONTAINS_SWIFT = YES;
				FRAMEWORK_SEARCH_PATHS = (
					"$(inherited)",
					"$(PLATFORM_DIR)/Developer/Library/Frameworks",
				);
				HEADER_SEARCH_PATHS = "$(inherited)";
				INFOPLIST_FILE = HighestNumberPairing.xcodeproj/NumberPairingTests_Info.plist;
				LD_RUNPATH_SEARCH_PATHS = (
					"$(inherited)",
					"@loader_path/../Frameworks",
					"@loader_path/Frameworks",
				);
				OTHER_CFLAGS = "$(inherited)";
				OTHER_LDFLAGS = "$(inherited)";
				OTHER_SWIFT_FLAGS = "$(inherited)";
				SWIFT_ACTIVE_COMPILATION_CONDITIONS = "$(inherited)";
				SWIFT_VERSION = 5.0;
				TARGET_NAME = NumberPairingTests;
			};
			name = Debug;
		};
		OBJ_59 /* Release */ = {
			isa = XCBuildConfiguration;
			buildSettings = {
				CLANG_ENABLE_MODULES = YES;
				EMBEDDED_CONTENT_CONTAINS_SWIFT = YES;
				FRAMEWORK_SEARCH_PATHS = (
					"$(inherited)",
					"$(PLATFORM_DIR)/Developer/Library/Frameworks",
				);
				HEADER_SEARCH_PATHS = "$(inherited)";
				INFOPLIST_FILE = HighestNumberPairing.xcodeproj/NumberPairingTests_Info.plist;
				LD_RUNPATH_SEARCH_PATHS = (
					"$(inherited)",
					"@loader_path/../Frameworks",
					"@loader_path/Frameworks",
				);
				OTHER_CFLAGS = "$(inherited)";
				OTHER_LDFLAGS = "$(inherited)";
				OTHER_SWIFT_FLAGS = "$(inherited)";
				SWIFT_ACTIVE_COMPILATION_CONDITIONS = "$(inherited)";
				SWIFT_VERSION = 5.0;
				TARGET_NAME = NumberPairingTests;
			};
			name = Release;
		};
/* End XCBuildConfiguration section */

/* Begin XCConfigurationList section */
		OBJ_2 /* Build configuration list for PBXProject "HighestNumberPairing" */ = {
			isa = XCConfigurationList;
			buildConfigurations = (
				OBJ_3 /* Debug */,
				OBJ_4 /* Release */,
			);
			defaultConfigurationIsVisible = 0;
			defaultConfigurationName = Release;
		};
		OBJ_27 /* Build configuration list for PBXNativeTarget "HighestNumberPairing" */ = {
			isa = XCConfigurationList;
			buildConfigurations = (
				OBJ_28 /* Debug */,
				OBJ_29 /* Release */,
			);
			defaultConfigurationIsVisible = 0;
			defaultConfigurationName = Release;
		};
		OBJ_37 /* Build configuration list for PBXNativeTarget "HighestNumberPairingPackageDescription" */ = {
			isa = XCConfigurationList;
			buildConfigurations = (
				OBJ_38 /* Debug */,
				OBJ_39 /* Release */,
			);
			defaultConfigurationIsVisible = 0;
			defaultConfigurationName = Release;
		};
		OBJ_43 /* Build configuration list for PBXAggregateTarget "HighestNumberPairingPackageTests" */ = {
			isa = XCConfigurationList;
			buildConfigurations = (
				OBJ_44 /* Debug */,
				OBJ_45 /* Release */,
			);
			defaultConfigurationIsVisible = 0;
			defaultConfigurationName = Release;
		};
		OBJ_48 /* Build configuration list for PBXNativeTarget "NumberPairing" */ = {
			isa = XCConfigurationList;
			buildConfigurations = (
				OBJ_49 /* Debug */,
				OBJ_50 /* Release */,
			);
			defaultConfigurationIsVisible = 0;
			defaultConfigurationName = Release;
		};
		OBJ_57 /* Build configuration list for PBXNativeTarget "NumberPairingTests" */ = {
			isa = XCConfigurationList;
			buildConfigurations = (
				OBJ_58 /* Debug */,
				OBJ_59 /* Release */,
			);
			defaultConfigurationIsVisible = 0;
			defaultConfigurationName = Release;
		};
/* End XCConfigurationList section */

/* Begin XCRemoteSwiftPackageReference section */
		A42CC98C240F634000400D21 /* XCRemoteSwiftPackageReference "swift-argument-parser" */ = {
			isa = XCRemoteSwiftPackageReference;
			repositoryURL = "https://github.com/apple/swift-argument-parser.git";
			requirement = {
				kind = upToNextMajorVersion;
				minimumVersion = 0.0.1;
			};
		};
/* End XCRemoteSwiftPackageReference section */

/* Begin XCSwiftPackageProductDependency section */
		A42CC98D240F634000400D21 /* ArgumentParser */ = {
			isa = XCSwiftPackageProductDependency;
			package = A42CC98C240F634000400D21 /* XCRemoteSwiftPackageReference "swift-argument-parser" */;
			productName = ArgumentParser;
		};
/* End XCSwiftPackageProductDependency section */
	};
	rootObject = OBJ_1 /* Project object */;
}
